{
  "version": 4,
  "terraform_version": "1.9.7",
  "serial": 605,
  "lineage": "6f76e2f6-7661-56da-e1b9-c0a6d8dc0492",
  "outputs": {},
  "resources": [
    {
      "module": "module.ec2",
      "mode": "data",
      "type": "aws_ami",
      "name": "amazon-linux-2",
      "provider": "provider[\"registry.terraform.io/hashicorp/aws\"]",
      "instances": [
        {
          "schema_version": 0,
          "attributes": {
            "architecture": "x86_64",
            "arn": "arn:aws:ec2:eu-west-3::image/ami-08eb3709ee2c1ccd6",
            "block_device_mappings": [
              {
                "device_name": "/dev/xvda",
                "ebs": {
                  "delete_on_termination": "true",
                  "encrypted": "false",
                  "iops": "0",
                  "snapshot_id": "snap-0987ae9511385a594",
                  "throughput": "0",
                  "volume_size": "8",
                  "volume_type": "gp2"
                },
                "no_device": "",
                "virtual_name": ""
              }
            ],
            "boot_mode": "",
            "creation_date": "2024-10-14T21:50:55.000Z",
            "deprecation_time": "2025-07-01T00:00:00.000Z",
            "description": "Amazon Linux 2 AMI 2.0.20241014.0 x86_64 HVM gp2",
            "ena_support": true,
            "executable_users": null,
            "filter": [
              {
                "name": "name",
                "values": [
                  "amzn2-ami-hvm-*-x86_64-gp2"
                ]
              }
            ],
            "hypervisor": "xen",
            "id": "ami-08eb3709ee2c1ccd6",
            "image_id": "ami-08eb3709ee2c1ccd6",
            "image_location": "amazon/amzn2-ami-hvm-2.0.20241014.0-x86_64-gp2",
            "image_owner_alias": "amazon",
            "image_type": "machine",
            "imds_support": "",
            "include_deprecated": false,
            "kernel_id": "",
            "most_recent": true,
            "name": "amzn2-ami-hvm-2.0.20241014.0-x86_64-gp2",
            "name_regex": null,
            "owner_id": "137112412989",
            "owners": [
              "amazon"
            ],
            "platform": "",
            "platform_details": "Linux/UNIX",
            "product_codes": [],
            "public": true,
            "ramdisk_id": "",
            "root_device_name": "/dev/xvda",
            "root_device_type": "ebs",
            "root_snapshot_id": "snap-0987ae9511385a594",
            "sriov_net_support": "simple",
            "state": "available",
            "state_reason": {
              "code": "UNSET",
              "message": "UNSET"
            },
            "tags": {},
            "timeouts": null,
            "tpm_support": "",
            "usage_operation": "RunInstances",
            "virtualization_type": "hvm"
          },
          "sensitive_attributes": []
        }
      ]
    },
    {
      "module": "module.ec2",
      "mode": "managed",
      "type": "aws_autoscaling_group",
      "name": "bastion_asg",
      "provider": "provider[\"registry.terraform.io/hashicorp/aws\"]",
      "instances": [
        {
          "schema_version": 1,
          "attributes": {
            "arn": "arn:aws:autoscaling:eu-west-3:183631326752:autoScalingGroup:b4029d58-d302-4bbd-8653-69fbeae0c1cc:autoScalingGroupName/bastion-asg",
            "availability_zones": [
              "eu-west-3a"
            ],
            "capacity_rebalance": false,
            "context": "",
            "default_cooldown": 300,
            "default_instance_warmup": 0,
            "desired_capacity": 1,
            "desired_capacity_type": "",
            "enabled_metrics": null,
            "force_delete": true,
            "force_delete_warm_pool": false,
            "health_check_grace_period": 300,
            "health_check_type": "EC2",
            "id": "bastion-asg",
            "ignore_failed_scaling_activities": false,
            "initial_lifecycle_hook": [],
            "instance_maintenance_policy": [],
            "instance_refresh": [],
            "launch_configuration": "",
            "launch_template": [
              {
                "id": "lt-06be96653b8b39666",
                "name": "bastion-launch-template",
                "version": "$Latest"
              }
            ],
            "load_balancers": [],
            "max_instance_lifetime": 0,
            "max_size": 2,
            "metrics_granularity": "1Minute",
            "min_elb_capacity": null,
            "min_size": 1,
            "mixed_instances_policy": [],
            "name": "bastion-asg",
            "name_prefix": "",
            "placement_group": "",
            "predicted_capacity": 0,
            "protect_from_scale_in": false,
            "service_linked_role_arn": "arn:aws:iam::183631326752:role/aws-service-role/autoscaling.amazonaws.com/AWSServiceRoleForAutoScaling",
            "suspended_processes": null,
            "tag": [
              {
                "key": "Name",
                "propagate_at_launch": true,
                "value": "Projet_AWS-bastion"
              }
            ],
            "target_group_arns": [],
            "termination_policies": null,
            "timeouts": null,
            "traffic_source": [],
            "vpc_zone_identifier": [
              "subnet-0589b9f999e9e1259"
            ],
            "wait_for_capacity_timeout": "10m",
            "wait_for_elb_capacity": null,
            "warm_pool": [],
            "warm_pool_size": 0
          },
          "sensitive_attributes": [],
          "private": "eyJlMmJmYjczMC1lY2FhLTExZTYtOGY4OC0zNDM2M2JjN2M0YzAiOnsiZGVsZXRlIjo2MDAwMDAwMDAwMDAsInVwZGF0ZSI6NjAwMDAwMDAwMDAwfSwic2NoZW1hX3ZlcnNpb24iOiIxIn0=",
          "dependencies": [
            "module.ec2.aws_launch_template.bastion_launch_template",
            "module.ec2.aws_security_group.bastion_sg",
            "module.ec2.data.aws_ami.amazon-linux-2",
            "module.networking.aws_subnet.public_subnet_a",
            "module.networking.aws_vpc.proget_vpc"
          ]
        }
      ]
    },
    {
      "module": "module.ec2",
      "mode": "managed",
      "type": "aws_autoscaling_group",
      "name": "my-autoscaling",
      "provider": "provider[\"registry.terraform.io/hashicorp/aws\"]",
      "instances": [
        {
          "schema_version": 1,
          "attributes": {
            "arn": "arn:aws:autoscaling:eu-west-3:183631326752:autoScalingGroup:8dcdbd0c-7be8-467d-8aed-c498e16e91f1:autoScalingGroupName/autoscaling",
            "availability_zones": [
              "eu-west-3a",
              "eu-west-3b"
            ],
            "capacity_rebalance": false,
            "context": "",
            "default_cooldown": 300,
            "default_instance_warmup": 0,
            "desired_capacity": 2,
            "desired_capacity_type": "",
            "enabled_metrics": null,
            "force_delete": true,
            "force_delete_warm_pool": false,
            "health_check_grace_period": 300,
            "health_check_type": "ELB",
            "id": "autoscaling",
            "ignore_failed_scaling_activities": false,
            "initial_lifecycle_hook": [],
            "instance_maintenance_policy": [],
            "instance_refresh": [],
            "launch_configuration": "",
            "launch_template": [
              {
                "id": "lt-08a23715630807a91",
                "name": "my-launch-template",
                "version": "$Latest"
              }
            ],
            "load_balancers": [],
            "max_instance_lifetime": 0,
            "max_size": 4,
            "metrics_granularity": "1Minute",
            "min_elb_capacity": null,
            "min_size": 2,
            "mixed_instances_policy": [],
            "name": "autoscaling",
            "name_prefix": "",
            "placement_group": "",
            "predicted_capacity": 0,
            "protect_from_scale_in": false,
            "service_linked_role_arn": "arn:aws:iam::183631326752:role/aws-service-role/autoscaling.amazonaws.com/AWSServiceRoleForAutoScaling",
            "suspended_processes": null,
            "tag": [
              {
                "key": "Name",
                "propagate_at_launch": true,
                "value": "ASG_Instance"
              }
            ],
            "target_group_arns": [
              "arn:aws:elasticloadbalancing:eu-west-3:183631326752:targetgroup/tg/50278ba2e2ef9dc7"
            ],
            "termination_policies": null,
            "timeouts": null,
            "traffic_source": [
              {
                "identifier": "arn:aws:elasticloadbalancing:eu-west-3:183631326752:targetgroup/tg/50278ba2e2ef9dc7",
                "type": "elbv2"
              }
            ],
            "vpc_zone_identifier": [
              "subnet-0a16f946db97b3850",
              "subnet-0c30287b81cb8d47a"
            ],
            "wait_for_capacity_timeout": "10m",
            "wait_for_elb_capacity": null,
            "warm_pool": [],
            "warm_pool_size": 0
          },
          "sensitive_attributes": [],
          "private": "eyJlMmJmYjczMC1lY2FhLTExZTYtOGY4OC0zNDM2M2JjN2M0YzAiOnsiZGVsZXRlIjo2MDAwMDAwMDAwMDAsInVwZGF0ZSI6NjAwMDAwMDAwMDAwfSwic2NoZW1hX3ZlcnNpb24iOiIxIn0=",
          "dependencies": [
            "module.ec2.aws_launch_template.my_launch_template",
            "module.ec2.aws_lb_target_group.my-alb-target-group",
            "module.ec2.aws_security_group.sg-alb",
            "module.ec2.aws_security_group.sg-instances",
            "module.ec2.data.aws_ami.amazon-linux-2",
            "module.networking.aws_subnet.private_subnet_a",
            "module.networking.aws_subnet.private_subnet_b",
            "module.networking.aws_vpc.proget_vpc"
          ]
        }
      ]
    },
    {
      "module": "module.ec2",
      "mode": "managed",
      "type": "aws_launch_template",
      "name": "bastion_launch_template",
      "provider": "provider[\"registry.terraform.io/hashicorp/aws\"]",
      "instances": [
        {
          "schema_version": 0,
          "attributes": {
            "arn": "arn:aws:ec2:eu-west-3:183631326752:launch-template/lt-06be96653b8b39666",
            "block_device_mappings": [],
            "capacity_reservation_specification": [],
            "cpu_options": [],
            "credit_specification": [],
            "default_version": 1,
            "description": "",
            "disable_api_stop": false,
            "disable_api_termination": false,
            "ebs_optimized": "",
            "elastic_gpu_specifications": [],
            "elastic_inference_accelerator": [],
            "enclave_options": [],
            "hibernation_options": [],
            "iam_instance_profile": [],
            "id": "lt-06be96653b8b39666",
            "image_id": "ami-08eb3709ee2c1ccd6",
            "instance_initiated_shutdown_behavior": "",
            "instance_market_options": [],
            "instance_requirements": [],
            "instance_type": "t2.micro",
            "kernel_id": "",
            "key_name": "asmaa",
            "latest_version": 1,
            "license_specification": [],
            "maintenance_options": [],
            "metadata_options": [],
            "monitoring": [],
            "name": "bastion-launch-template",
            "name_prefix": "",
            "network_interfaces": [
              {
                "associate_carrier_ip_address": "",
                "associate_public_ip_address": "true",
                "delete_on_termination": "",
                "description": "",
                "device_index": 0,
                "interface_type": "",
                "ipv4_address_count": 0,
                "ipv4_addresses": null,
                "ipv4_prefix_count": 0,
                "ipv4_prefixes": null,
                "ipv6_address_count": 0,
                "ipv6_addresses": null,
                "ipv6_prefix_count": 0,
                "ipv6_prefixes": null,
                "network_card_index": 0,
                "network_interface_id": "",
                "primary_ipv6": "",
                "private_ip_address": "",
                "security_groups": [
                  "sg-020b6b79d16f00270"
                ],
                "subnet_id": "subnet-0589b9f999e9e1259"
              }
            ],
            "placement": [],
            "private_dns_name_options": [],
            "ram_disk_id": "",
            "security_group_names": null,
            "tag_specifications": [
              {
                "resource_type": "instance",
                "tags": {
                  "Name": "Projet_AWS-bastion"
                }
              }
            ],
            "tags": null,
            "tags_all": {},
            "update_default_version": null,
            "user_data": "",
            "vpc_security_group_ids": null
          },
          "sensitive_attributes": [],
          "private": "bnVsbA==",
          "dependencies": [
            "module.ec2.aws_security_group.bastion_sg",
            "module.ec2.data.aws_ami.amazon-linux-2",
            "module.networking.aws_subnet.public_subnet_a",
            "module.networking.aws_vpc.proget_vpc"
          ]
        }
      ]
    },
    {
      "module": "module.ec2",
      "mode": "managed",
      "type": "aws_launch_template",
      "name": "my_launch_template",
      "provider": "provider[\"registry.terraform.io/hashicorp/aws\"]",
      "instances": [
        {
          "schema_version": 0,
          "attributes": {
            "arn": "arn:aws:ec2:eu-west-3:183631326752:launch-template/lt-08a23715630807a91",
            "block_device_mappings": [
              {
                "device_name": "/dev/xvdb",
                "ebs": [
                  {
                    "delete_on_termination": "",
                    "encrypted": "",
                    "iops": 0,
                    "kms_key_id": "",
                    "snapshot_id": "",
                    "throughput": 0,
                    "volume_size": 10,
                    "volume_type": "gp2"
                  }
                ],
                "no_device": "",
                "virtual_name": ""
              },
              {
                "device_name": "/dev/xvdc",
                "ebs": [
                  {
                    "delete_on_termination": "",
                    "encrypted": "",
                    "iops": 0,
                    "kms_key_id": "",
                    "snapshot_id": "",
                    "throughput": 0,
                    "volume_size": 10,
                    "volume_type": "gp2"
                  }
                ],
                "no_device": "",
                "virtual_name": ""
              }
            ],
            "capacity_reservation_specification": [],
            "cpu_options": [],
            "credit_specification": [],
            "default_version": 1,
            "description": "",
            "disable_api_stop": false,
            "disable_api_termination": false,
            "ebs_optimized": "",
            "elastic_gpu_specifications": [],
            "elastic_inference_accelerator": [],
            "enclave_options": [],
            "hibernation_options": [],
            "iam_instance_profile": [],
            "id": "lt-08a23715630807a91",
            "image_id": "ami-08eb3709ee2c1ccd6",
            "instance_initiated_shutdown_behavior": "",
            "instance_market_options": [],
            "instance_requirements": [],
            "instance_type": "t2.micro",
            "kernel_id": "",
            "key_name": "asmaa",
            "latest_version": 1,
            "license_specification": [],
            "maintenance_options": [],
            "metadata_options": [],
            "monitoring": [],
            "name": "my-launch-template",
            "name_prefix": "",
            "network_interfaces": [
              {
                "associate_carrier_ip_address": "",
                "associate_public_ip_address": "true",
                "delete_on_termination": "",
                "description": "",
                "device_index": 0,
                "interface_type": "",
                "ipv4_address_count": 0,
                "ipv4_addresses": null,
                "ipv4_prefix_count": 0,
                "ipv4_prefixes": null,
                "ipv6_address_count": 0,
                "ipv6_addresses": null,
                "ipv6_prefix_count": 0,
                "ipv6_prefixes": null,
                "network_card_index": 0,
                "network_interface_id": "",
                "primary_ipv6": "",
                "private_ip_address": "",
                "security_groups": [
                  "sg-085e56e6bd42106b2"
                ],
                "subnet_id": ""
              }
            ],
            "placement": [],
            "private_dns_name_options": [],
            "ram_disk_id": "",
            "security_group_names": null,
            "tag_specifications": [
              {
                "resource_type": "instance",
                "tags": {
                  "Name": "Projet_AWS-launch-template"
                }
              }
            ],
            "tags": null,
            "tags_all": {},
            "update_default_version": null,
            "user_data": "IyEvYmluL2Jhc2gKIyB2YXJpYWJsZSB3aWxsIGJlIHBvcHVsYXRlZCBieSB0ZXJyYWZvcm0gdGVtcGxhdGUKIyByZWZlcmVuY2UgZGUgZmljaGllciB3b3JkcHJlc3NlIGh0dHBzOi8vZ2l0aHViLmNvbS9kZXZiaHVzYWwvdGVycmFmb3JtLWVjMi1SRFMtd29yZHByZXNzL2Jsb2IvbWFzdGVyL21vZHVsZXMvbGF0ZXN0L3VzZXJfZGF0YS50cGwKZGJfdXNlcm5hbWU9JHtkYl91c2VybmFtZX0KZGJfdXNlcl9wYXNzd29yZD0ke2RiX3VzZXJfcGFzc3dvcmR9CmRiX25hbWU9JHtkYl9uYW1lfQpkYl9SRFM9JHtkYl9SRFN9CiMgaW5zdGFsbCBMQU1QIFNlcnZlcgp5dW0gdXBkYXRlIC15CiNpbnN0YWxsIGFwYWNoZSBzZXJ2ZXIgYW5kIG15c3FsIGNsaWVudAp5dW0gaW5zdGFsbCAteSBodHRwZAp5dW0gaW5zdGFsbCAteSBteXNxbAogCgojZmlyc3QgZW5hYmxlIHBocDcueHggZnJvbSAgYW1hem9uLWxpbnV4LWV4dHJhIGFuZCBpbnN0YWxsIGl0CgphbWF6b24tbGludXgtZXh0cmFzIGVuYWJsZSBwaHA3LjQKeXVtIGNsZWFuIG1ldGFkYXRhCnl1bSBpbnN0YWxsIC15IHBocCBwaHAte3BlYXIsY2dpLGNvbW1vbixjdXJsLG1ic3RyaW5nLGdkLG15c3FsbmQsZ2V0dGV4dCxiY21hdGgsanNvbix4bWwsZnBtLGludGwsemlwLGltYXAsZGV2ZWx9CiNpbnN0YWxsIGltYWdpY2sgZXh0ZW5zaW9uCnl1bSAteSBpbnN0YWxsIGdjYyBJbWFnZU1hZ2ljayBJbWFnZU1hZ2ljay1kZXZlbCBJbWFnZU1hZ2ljay1wZXJsCnBlY2wgaW5zdGFsbCBpbWFnaWNrCmNobW9kIDc1NSAvdXNyL2xpYjY0L3BocC9tb2R1bGVzL2ltYWdpY2suc28KY2F0IDw8RU9GID4+L2V0Yy9waHAuZC8yMC1pbWFnaWNrLmluaQoKZXh0ZW5zaW9uPWltYWdpY2sKCkVPRgoKc3lzdGVtY3RsIHJlc3RhcnQgcGhwLWZwbS5zZXJ2aWNlCgoKCgpzeXN0ZW1jdGwgc3RhcnQgIGh0dHBkCgoKIyBDaGFuZ2UgT1dORVIgYW5kIHBlcm1pc3Npb24gb2YgZGlyZWN0b3J5IC92YXIvd3d3CnVzZXJtb2QgLWEgLUcgYXBhY2hlIGVjMi11c2VyCmNob3duIC1SIGVjMi11c2VyOmFwYWNoZSAvdmFyL3d3dwpmaW5kIC92YXIvd3d3IC10eXBlIGQgLWV4ZWMgY2htb2QgMjc3NSB7fSBcOwpmaW5kIC92YXIvd3d3IC10eXBlIGYgLWV4ZWMgY2htb2QgMDY2NCB7fSBcOwoKCiMgIyoqKioqKioqKioqKioqKioqKioqKipJbnN0YWxsaW5nIFdvcmRwcmVzcyBtYW51YWxseSoqKioqKioqKioqKioqKioqKioqKioqKioqKioqKioqKiAKIyAjIERvd25sb2FkIHdvcmRwcmVzcyBwYWNrYWdlIGFuZCBleHRyYWN0CiMgd2dldCBodHRwczovL3dvcmRwcmVzcy5vcmcvbGF0ZXN0LnRhci5negojIHRhciAteHpmIGxhdGVzdC50YXIuZ3oKIyBjcCAtciB3b3JkcHJlc3MvKiAvdmFyL3d3dy9odG1sLwojICMgQ3JlYXRlIHdvcmRwcmVzcyBjb25maWd1cmF0aW9uIGZpbGUgYW5kIHVwZGF0ZSBkYXRhYmFzZSB2YWx1ZQojIGNkIC92YXIvd3d3L2h0bWwKIyBjcCB3cC1jb25maWctc2FtcGxlLnBocCB3cC1jb25maWcucGhwCiMgc2VkIC1pICJzL2RhdGFiYXNlX25hbWVfaGVyZS8kZGJfbmFtZS9nIiB3cC1jb25maWcucGhwCiMgc2VkIC1pICJzL3VzZXJuYW1lX2hlcmUvJGRiX3VzZXJuYW1lL2ciIHdwLWNvbmZpZy5waHAKIyBzZWQgLWkgInMvcGFzc3dvcmRfaGVyZS8kZGJfdXNlcl9wYXNzd29yZC9nIiB3cC1jb25maWcucGhwCiMgc2VkIC1pICJzL2xvY2FsaG9zdC8kZGJfUkRTL2ciIHdwLWNvbmZpZy5waHAKIyBjYXQgPDxFT0YgPj4vdmFyL3d3dy9odG1sL3dwLWNvbmZpZy5waHAKIyBkZWZpbmUoICdGU19NRVRIT0QnLCAnZGlyZWN0JyApOwojIGRlZmluZSgnV1BfTUVNT1JZX0xJTUlUJywgJzEyOE0nKTsKIyBFT0YKCiMqKioqKioqKioqKioqKioqKioqKioqSW5zdGFsbGluZyBXb3JkcHJlc3MgdXNpbmcgV1AgQ0xJKioqKioqKioqKioqKioqKioqKioqKioqKioqKioqKioqIApjdXJsIC1PIGh0dHBzOi8vcmF3LmdpdGh1YnVzZXJjb250ZW50LmNvbS93cC1jbGkvYnVpbGRzL2doLXBhZ2VzL3BoYXIvd3AtY2xpLnBoYXIKY2htb2QgK3ggd3AtY2xpLnBoYXIKbXYgd3AtY2xpLnBoYXIgL3Vzci9sb2NhbC9iaW4vd3AKd3AgY29yZSBkb3dubG9hZCAtLXBhdGg9L3Zhci93d3cvaHRtbCAtLWFsbG93LXJvb3QKd3AgY29uZmlnIGNyZWF0ZSAtLWRibmFtZT0kZGJfbmFtZSAtLWRidXNlcj0kZGJfdXNlcm5hbWUgLS1kYnBhc3M9JGRiX3VzZXJfcGFzc3dvcmQgLS1kYmhvc3Q9JGRiX1JEUyAtLXBhdGg9L3Zhci93d3cvaHRtbCAtLWFsbG93LXJvb3QgLS1leHRyYS1waHAgPDxQSFAKZGVmaW5lKCAnRlNfTUVUSE9EJywgJ2RpcmVjdCcgKTsKZGVmaW5lKCdXUF9NRU1PUllfTElNSVQnLCAnMTI4TScpOwpQSFAKCgoKCiMgQ2hhbmdlIHBlcm1pc3Npb24gb2YgL3Zhci93d3cvaHRtbC8KY2hvd24gLVIgZWMyLXVzZXI6YXBhY2hlIC92YXIvd3d3L2h0bWwKY2htb2QgLVIgNzc0IC92YXIvd3d3L2h0bWwKCiMgIGVuYWJsZSAuaHRhY2Nlc3MgZmlsZXMgaW4gQXBhY2hlIGNvbmZpZyB1c2luZyBzZWQgY29tbWFuZApzZWQgLWkgJy88RGlyZWN0b3J5ICJcL3Zhclwvd3d3XC9odG1sIj4vLC88XC9EaXJlY3Rvcnk+LyBzL0FsbG93T3ZlcnJpZGUgTm9uZS9BbGxvd092ZXJyaWRlIGFsbC8nIC9ldGMvaHR0cGQvY29uZi9odHRwZC5jb25mCgojTWFrZSBhcGFjaGUgIGF1dG9zdGFydCBhbmQgcmVzdGFydCBhcGFjaGUKc3lzdGVtY3RsIGVuYWJsZSAgaHR0cGQuc2VydmljZQpzeXN0ZW1jdGwgcmVzdGFydCBodHRwZC5zZXJ2aWNlCmVjaG8gV29yZFByZXNzIEluc3RhbGxlZAo=",
            "vpc_security_group_ids": null
          },
          "sensitive_attributes": [],
          "private": "bnVsbA==",
          "dependencies": [
            "module.ec2.aws_security_group.sg-alb",
            "module.ec2.aws_security_group.sg-instances",
            "module.ec2.data.aws_ami.amazon-linux-2",
            "module.networking.aws_vpc.proget_vpc"
          ]
        }
      ]
    },
    {
      "module": "module.ec2",
      "mode": "managed",
      "type": "aws_lb",
      "name": "my-alb",
      "provider": "provider[\"registry.terraform.io/hashicorp/aws\"]",
      "instances": [
        {
          "schema_version": 0,
          "attributes": {
            "access_logs": [
              {
                "bucket": "",
                "enabled": false,
                "prefix": ""
              }
            ],
            "arn": "arn:aws:elasticloadbalancing:eu-west-3:183631326752:loadbalancer/app/alb/79ec1d88d929c3bd",
            "arn_suffix": "app/alb/79ec1d88d929c3bd",
            "client_keep_alive": 3600,
            "connection_logs": [
              {
                "bucket": "",
                "enabled": false,
                "prefix": ""
              }
            ],
            "customer_owned_ipv4_pool": "",
            "desync_mitigation_mode": "defensive",
            "dns_name": "alb-795781525.eu-west-3.elb.amazonaws.com",
            "dns_record_client_routing_policy": null,
            "drop_invalid_header_fields": false,
            "enable_cross_zone_load_balancing": true,
            "enable_deletion_protection": false,
            "enable_http2": true,
            "enable_tls_version_and_cipher_suite_headers": false,
            "enable_waf_fail_open": false,
            "enable_xff_client_port": false,
            "enforce_security_group_inbound_rules_on_private_link_traffic": "",
            "id": "arn:aws:elasticloadbalancing:eu-west-3:183631326752:loadbalancer/app/alb/79ec1d88d929c3bd",
            "idle_timeout": 60,
            "internal": false,
            "ip_address_type": "ipv4",
            "load_balancer_type": "application",
            "name": "alb",
            "name_prefix": "",
            "preserve_host_header": false,
            "security_groups": [
              "sg-0bed68b62c5819bee"
            ],
            "subnet_mapping": [
              {
                "allocation_id": "",
                "ipv6_address": "",
                "outpost_id": "",
                "private_ipv4_address": "",
                "subnet_id": "subnet-0589b9f999e9e1259"
              },
              {
                "allocation_id": "",
                "ipv6_address": "",
                "outpost_id": "",
                "private_ipv4_address": "",
                "subnet_id": "subnet-0789cfaf127bc6a04"
              }
            ],
            "subnets": [
              "subnet-0589b9f999e9e1259",
              "subnet-0789cfaf127bc6a04"
            ],
            "tags": {
              "Name": "Projet_AWS-my-alb-tf"
            },
            "tags_all": {
              "Name": "Projet_AWS-my-alb-tf"
            },
            "timeouts": null,
            "vpc_id": "vpc-03a9fa64e702f6358",
            "xff_header_processing_mode": "append",
            "zone_id": "Z3Q77PNBQS71R4"
          },
          "sensitive_attributes": [],
          "private": "eyJlMmJmYjczMC1lY2FhLTExZTYtOGY4OC0zNDM2M2JjN2M0YzAiOnsiY3JlYXRlIjo2MDAwMDAwMDAwMDAsImRlbGV0ZSI6NjAwMDAwMDAwMDAwLCJ1cGRhdGUiOjYwMDAwMDAwMDAwMH19",
          "dependencies": [
            "module.ec2.aws_security_group.sg-alb",
            "module.networking.aws_subnet.public_subnet_a",
            "module.networking.aws_subnet.public_subnet_b",
            "module.networking.aws_vpc.proget_vpc"
          ]
        }
      ]
    },
    {
      "module": "module.ec2",
      "mode": "managed",
      "type": "aws_lb_listener",
      "name": "alb-listener",
      "provider": "provider[\"registry.terraform.io/hashicorp/aws\"]",
      "instances": [
        {
          "schema_version": 0,
          "attributes": {
            "alpn_policy": null,
            "arn": "arn:aws:elasticloadbalancing:eu-west-3:183631326752:listener/app/alb/79ec1d88d929c3bd/558801392a3d4ddd",
            "certificate_arn": null,
            "default_action": [
              {
                "authenticate_cognito": [],
                "authenticate_oidc": [],
                "fixed_response": [],
                "forward": [],
                "order": 1,
                "redirect": [],
                "target_group_arn": "arn:aws:elasticloadbalancing:eu-west-3:183631326752:targetgroup/tg/50278ba2e2ef9dc7",
                "type": "forward"
              }
            ],
            "id": "arn:aws:elasticloadbalancing:eu-west-3:183631326752:listener/app/alb/79ec1d88d929c3bd/558801392a3d4ddd",
            "load_balancer_arn": "arn:aws:elasticloadbalancing:eu-west-3:183631326752:loadbalancer/app/alb/79ec1d88d929c3bd",
            "mutual_authentication": [],
            "port": 80,
            "protocol": "HTTP",
            "ssl_policy": "",
            "tags": null,
            "tags_all": {},
            "timeouts": null
          },
          "sensitive_attributes": [],
          "private": "eyJlMmJmYjczMC1lY2FhLTExZTYtOGY4OC0zNDM2M2JjN2M0YzAiOnsiY3JlYXRlIjozMDAwMDAwMDAwMDAsInVwZGF0ZSI6MzAwMDAwMDAwMDAwfX0=",
          "dependencies": [
            "module.ec2.aws_lb.my-alb",
            "module.ec2.aws_lb_target_group.my-alb-target-group",
            "module.ec2.aws_security_group.sg-alb",
            "module.networking.aws_subnet.public_subnet_a",
            "module.networking.aws_subnet.public_subnet_b",
            "module.networking.aws_vpc.proget_vpc"
          ]
        }
      ]
    },
    {
      "module": "module.ec2",
      "mode": "managed",
      "type": "aws_lb_target_group",
      "name": "my-alb-target-group",
      "provider": "provider[\"registry.terraform.io/hashicorp/aws\"]",
      "instances": [
        {
          "schema_version": 0,
          "attributes": {
            "arn": "arn:aws:elasticloadbalancing:eu-west-3:183631326752:targetgroup/tg/50278ba2e2ef9dc7",
            "arn_suffix": "targetgroup/tg/50278ba2e2ef9dc7",
            "connection_termination": null,
            "deregistration_delay": "300",
            "health_check": [
              {
                "enabled": true,
                "healthy_threshold": 5,
                "interval": 30,
                "matcher": "200",
                "path": "/",
                "port": "traffic-port",
                "protocol": "HTTP",
                "timeout": 5,
                "unhealthy_threshold": 2
              }
            ],
            "id": "arn:aws:elasticloadbalancing:eu-west-3:183631326752:targetgroup/tg/50278ba2e2ef9dc7",
            "ip_address_type": "ipv4",
            "lambda_multi_value_headers_enabled": false,
            "load_balancer_arns": [],
            "load_balancing_algorithm_type": "round_robin",
            "load_balancing_anomaly_mitigation": "off",
            "load_balancing_cross_zone_enabled": "use_load_balancer_configuration",
            "name": "tg",
            "name_prefix": "",
            "port": 80,
            "preserve_client_ip": null,
            "protocol": "HTTP",
            "protocol_version": "HTTP1",
            "proxy_protocol_v2": false,
            "slow_start": 0,
            "stickiness": [
              {
                "cookie_duration": 86400,
                "cookie_name": "",
                "enabled": false,
                "type": "lb_cookie"
              }
            ],
            "tags": null,
            "tags_all": {},
            "target_failover": [
              {
                "on_deregistration": null,
                "on_unhealthy": null
              }
            ],
            "target_group_health": [
              {
                "dns_failover": [
                  {
                    "minimum_healthy_targets_count": "1",
                    "minimum_healthy_targets_percentage": "off"
                  }
                ],
                "unhealthy_state_routing": [
                  {
                    "minimum_healthy_targets_count": 1,
                    "minimum_healthy_targets_percentage": "off"
                  }
                ]
              }
            ],
            "target_health_state": [
              {
                "enable_unhealthy_connection_termination": null,
                "unhealthy_draining_interval": null
              }
            ],
            "target_type": "instance",
            "vpc_id": "vpc-03a9fa64e702f6358"
          },
          "sensitive_attributes": [],
          "private": "bnVsbA==",
          "dependencies": [
            "module.networking.aws_vpc.proget_vpc"
          ]
        }
      ]
    },
    {
      "module": "module.ec2",
      "mode": "managed",
      "type": "aws_security_group",
      "name": "bastion_sg",
      "provider": "provider[\"registry.terraform.io/hashicorp/aws\"]",
      "instances": [
        {
          "schema_version": 1,
          "attributes": {
            "arn": "arn:aws:ec2:eu-west-3:183631326752:security-group/sg-020b6b79d16f00270",
            "description": "Security group for bastion host",
            "egress": [
              {
                "cidr_blocks": [
                  "0.0.0.0/0"
                ],
                "description": "",
                "from_port": 0,
                "ipv6_cidr_blocks": [],
                "prefix_list_ids": [],
                "protocol": "-1",
                "security_groups": [],
                "self": false,
                "to_port": 0
              }
            ],
            "id": "sg-020b6b79d16f00270",
            "ingress": [
              {
                "cidr_blocks": [
                  "0.0.0.0/0"
                ],
                "description": "",
                "from_port": 22,
                "ipv6_cidr_blocks": [],
                "prefix_list_ids": [],
                "protocol": "tcp",
                "security_groups": [],
                "self": false,
                "to_port": 22
              }
            ],
            "name": "bastion_sg",
            "name_prefix": "",
            "owner_id": "183631326752",
            "revoke_rules_on_delete": false,
            "tags": {
              "Name": "Projet_AWS-bastion_sg"
            },
            "tags_all": {
              "Name": "Projet_AWS-bastion_sg"
            },
            "timeouts": null,
            "vpc_id": "vpc-03a9fa64e702f6358"
          },
          "sensitive_attributes": [],
          "private": "eyJlMmJmYjczMC1lY2FhLTExZTYtOGY4OC0zNDM2M2JjN2M0YzAiOnsiY3JlYXRlIjo2MDAwMDAwMDAwMDAsImRlbGV0ZSI6OTAwMDAwMDAwMDAwfSwic2NoZW1hX3ZlcnNpb24iOiIxIn0=",
          "dependencies": [
            "module.networking.aws_vpc.proget_vpc"
          ]
        }
      ]
    },
    {
      "module": "module.ec2",
      "mode": "managed",
      "type": "aws_security_group",
      "name": "sg-alb",
      "provider": "provider[\"registry.terraform.io/hashicorp/aws\"]",
      "instances": [
        {
          "schema_version": 1,
          "attributes": {
            "arn": "arn:aws:ec2:eu-west-3:183631326752:security-group/sg-0bed68b62c5819bee",
            "description": "security group for the load balancer",
            "egress": [
              {
                "cidr_blocks": [
                  "0.0.0.0/0"
                ],
                "description": "",
                "from_port": 0,
                "ipv6_cidr_blocks": [],
                "prefix_list_ids": [],
                "protocol": "-1",
                "security_groups": [],
                "self": false,
                "to_port": 0
              }
            ],
            "id": "sg-0bed68b62c5819bee",
            "ingress": [
              {
                "cidr_blocks": [
                  "0.0.0.0/0"
                ],
                "description": "",
                "from_port": 443,
                "ipv6_cidr_blocks": [],
                "prefix_list_ids": [],
                "protocol": "tcp",
                "security_groups": [],
                "self": false,
                "to_port": 443
              },
              {
                "cidr_blocks": [
                  "0.0.0.0/0"
                ],
                "description": "",
                "from_port": 80,
                "ipv6_cidr_blocks": [],
                "prefix_list_ids": [],
                "protocol": "tcp",
                "security_groups": [],
                "self": false,
                "to_port": 80
              }
            ],
            "name": "lb-sg",
            "name_prefix": "",
            "owner_id": "183631326752",
            "revoke_rules_on_delete": false,
            "tags": {
              "Name": "Projet_AWS-sg-alb"
            },
            "tags_all": {
              "Name": "Projet_AWS-sg-alb"
            },
            "timeouts": null,
            "vpc_id": "vpc-03a9fa64e702f6358"
          },
          "sensitive_attributes": [],
          "private": "eyJlMmJmYjczMC1lY2FhLTExZTYtOGY4OC0zNDM2M2JjN2M0YzAiOnsiY3JlYXRlIjo2MDAwMDAwMDAwMDAsImRlbGV0ZSI6OTAwMDAwMDAwMDAwfSwic2NoZW1hX3ZlcnNpb24iOiIxIn0=",
          "dependencies": [
            "module.networking.aws_vpc.proget_vpc"
          ]
        }
      ]
    },
    {
      "module": "module.ec2",
      "mode": "managed",
      "type": "aws_security_group",
      "name": "sg-instances",
      "provider": "provider[\"registry.terraform.io/hashicorp/aws\"]",
      "instances": [
        {
          "schema_version": 1,
          "attributes": {
            "arn": "arn:aws:ec2:eu-west-3:183631326752:security-group/sg-085e56e6bd42106b2",
            "description": "security group for the ASG instances",
            "egress": [
              {
                "cidr_blocks": [
                  "0.0.0.0/0"
                ],
                "description": "",
                "from_port": 0,
                "ipv6_cidr_blocks": [],
                "prefix_list_ids": [],
                "protocol": "-1",
                "security_groups": [],
                "self": false,
                "to_port": 0
              }
            ],
            "id": "sg-085e56e6bd42106b2",
            "ingress": [
              {
                "cidr_blocks": [
                  "0.0.0.0/0"
                ],
                "description": "",
                "from_port": 22,
                "ipv6_cidr_blocks": [],
                "prefix_list_ids": [],
                "protocol": "tcp",
                "security_groups": [],
                "self": false,
                "to_port": 22
              },
              {
                "cidr_blocks": [],
                "description": "",
                "from_port": 443,
                "ipv6_cidr_blocks": [],
                "prefix_list_ids": [],
                "protocol": "tcp",
                "security_groups": [
                  "sg-0bed68b62c5819bee"
                ],
                "self": false,
                "to_port": 443
              },
              {
                "cidr_blocks": [],
                "description": "",
                "from_port": 80,
                "ipv6_cidr_blocks": [],
                "prefix_list_ids": [],
                "protocol": "tcp",
                "security_groups": [
                  "sg-0bed68b62c5819bee"
                ],
                "self": false,
                "to_port": 80
              }
            ],
            "name": "wordpress-sg",
            "name_prefix": "",
            "owner_id": "183631326752",
            "revoke_rules_on_delete": false,
            "tags": {
              "Name": "Projet_AWS-sg-webserver"
            },
            "tags_all": {
              "Name": "Projet_AWS-sg-webserver"
            },
            "timeouts": null,
            "vpc_id": "vpc-03a9fa64e702f6358"
          },
          "sensitive_attributes": [],
          "private": "eyJlMmJmYjczMC1lY2FhLTExZTYtOGY4OC0zNDM2M2JjN2M0YzAiOnsiY3JlYXRlIjo2MDAwMDAwMDAwMDAsImRlbGV0ZSI6OTAwMDAwMDAwMDAwfSwic2NoZW1hX3ZlcnNpb24iOiIxIn0=",
          "dependencies": [
            "module.ec2.aws_security_group.sg-alb",
            "module.networking.aws_vpc.proget_vpc"
          ]
        }
      ]
    },
    {
      "module": "module.networking",
      "mode": "managed",
      "type": "aws_eip",
      "name": "eip_public_a",
      "provider": "provider[\"registry.terraform.io/hashicorp/aws\"]",
      "instances": [
        {
          "schema_version": 0,
          "attributes": {
            "address": null,
            "allocation_id": "eipalloc-0a5faf1afebb71fc6",
            "arn": "arn:aws:ec2:eu-west-3:183631326752:elastic-ip/eipalloc-0a5faf1afebb71fc6",
            "associate_with_private_ip": null,
            "association_id": "",
            "carrier_ip": "",
            "customer_owned_ip": "",
            "customer_owned_ipv4_pool": "",
            "domain": "vpc",
            "id": "eipalloc-0a5faf1afebb71fc6",
            "instance": "",
            "network_border_group": "eu-west-3",
            "network_interface": "",
            "private_dns": null,
            "private_ip": "",
            "ptr_record": "",
            "public_dns": "ec2-15-188-212-162.eu-west-3.compute.amazonaws.com",
            "public_ip": "15.188.212.162",
            "public_ipv4_pool": "amazon",
            "tags": null,
            "tags_all": {},
            "timeouts": null,
            "vpc": true
          },
          "sensitive_attributes": [],
          "private": "eyJlMmJmYjczMC1lY2FhLTExZTYtOGY4OC0zNDM2M2JjN2M0YzAiOnsiZGVsZXRlIjoxODAwMDAwMDAwMDAsInJlYWQiOjkwMDAwMDAwMDAwMCwidXBkYXRlIjozMDAwMDAwMDAwMDB9fQ=="
        }
      ]
    },
    {
      "module": "module.networking",
      "mode": "managed",
      "type": "aws_eip",
      "name": "eip_public_b",
      "provider": "provider[\"registry.terraform.io/hashicorp/aws\"]",
      "instances": [
        {
          "schema_version": 0,
          "attributes": {
            "address": null,
            "allocation_id": "eipalloc-0cd51e30337179720",
            "arn": "arn:aws:ec2:eu-west-3:183631326752:elastic-ip/eipalloc-0cd51e30337179720",
            "associate_with_private_ip": null,
            "association_id": "",
            "carrier_ip": "",
            "customer_owned_ip": "",
            "customer_owned_ipv4_pool": "",
            "domain": "vpc",
            "id": "eipalloc-0cd51e30337179720",
            "instance": "",
            "network_border_group": "eu-west-3",
            "network_interface": "",
            "private_dns": null,
            "private_ip": "",
            "ptr_record": "",
            "public_dns": "ec2-15-188-142-217.eu-west-3.compute.amazonaws.com",
            "public_ip": "15.188.142.217",
            "public_ipv4_pool": "amazon",
            "tags": null,
            "tags_all": {},
            "timeouts": null,
            "vpc": true
          },
          "sensitive_attributes": [],
          "private": "eyJlMmJmYjczMC1lY2FhLTExZTYtOGY4OC0zNDM2M2JjN2M0YzAiOnsiZGVsZXRlIjoxODAwMDAwMDAwMDAsInJlYWQiOjkwMDAwMDAwMDAwMCwidXBkYXRlIjozMDAwMDAwMDAwMDB9fQ=="
        }
      ]
    },
    {
      "module": "module.networking",
      "mode": "managed",
      "type": "aws_internet_gateway",
      "name": "proget_igateway",
      "provider": "provider[\"registry.terraform.io/hashicorp/aws\"]",
      "instances": [
        {
          "schema_version": 0,
          "attributes": {
            "arn": "arn:aws:ec2:eu-west-3:183631326752:internet-gateway/igw-07429afe9242fc692",
            "id": "igw-07429afe9242fc692",
            "owner_id": "183631326752",
            "tags": {
              "Name": "Projet_AWS-igateway"
            },
            "tags_all": {
              "Name": "Projet_AWS-igateway"
            },
            "timeouts": null,
            "vpc_id": "vpc-03a9fa64e702f6358"
          },
          "sensitive_attributes": [],
          "private": "eyJlMmJmYjczMC1lY2FhLTExZTYtOGY4OC0zNDM2M2JjN2M0YzAiOnsiY3JlYXRlIjoxMjAwMDAwMDAwMDAwLCJkZWxldGUiOjEyMDAwMDAwMDAwMDAsInVwZGF0ZSI6MTIwMDAwMDAwMDAwMH19",
          "dependencies": [
            "module.networking.aws_vpc.proget_vpc"
          ]
        }
      ]
    },
    {
      "module": "module.networking",
      "mode": "managed",
      "type": "aws_nat_gateway",
      "name": "nat_public_a",
      "provider": "provider[\"registry.terraform.io/hashicorp/aws\"]",
      "instances": [
        {
          "schema_version": 0,
          "attributes": {
            "allocation_id": "eipalloc-0a5faf1afebb71fc6",
            "association_id": "eipassoc-07533544525743965",
            "connectivity_type": "public",
            "id": "nat-042741dbf6ceaa48e",
            "network_interface_id": "eni-086d90b051a81ae67",
            "private_ip": "10.0.131.87",
            "public_ip": "15.188.212.162",
            "secondary_allocation_ids": null,
            "secondary_private_ip_address_count": 0,
            "secondary_private_ip_addresses": [],
            "subnet_id": "subnet-0589b9f999e9e1259",
            "tags": {
              "Name": "Projet_AWS-nat-public-a"
            },
            "tags_all": {
              "Name": "Projet_AWS-nat-public-a"
            },
            "timeouts": null
          },
          "sensitive_attributes": [],
          "private": "eyJlMmJmYjczMC1lY2FhLTExZTYtOGY4OC0zNDM2M2JjN2M0YzAiOnsiY3JlYXRlIjo2MDAwMDAwMDAwMDAsImRlbGV0ZSI6MTgwMDAwMDAwMDAwMCwidXBkYXRlIjo2MDAwMDAwMDAwMDB9fQ==",
          "dependencies": [
            "module.networking.aws_eip.eip_public_a",
            "module.networking.aws_subnet.public_subnet_a",
            "module.networking.aws_vpc.proget_vpc"
          ]
        }
      ]
    },
    {
      "module": "module.networking",
      "mode": "managed",
      "type": "aws_nat_gateway",
      "name": "nat_public_b",
      "provider": "provider[\"registry.terraform.io/hashicorp/aws\"]",
      "instances": [
        {
          "schema_version": 0,
          "attributes": {
            "allocation_id": "eipalloc-0cd51e30337179720",
            "association_id": "eipassoc-0263a60f59533af0d",
            "connectivity_type": "public",
            "id": "nat-0522001fb1eba1697",
            "network_interface_id": "eni-0c775ad4e0624c19b",
            "private_ip": "10.0.159.35",
            "public_ip": "15.188.142.217",
            "secondary_allocation_ids": null,
            "secondary_private_ip_address_count": 0,
            "secondary_private_ip_addresses": [],
            "subnet_id": "subnet-0789cfaf127bc6a04",
            "tags": {
              "Name": "Projet_AWS-nat-public-b"
            },
            "tags_all": {
              "Name": "Projet_AWS-nat-public-b"
            },
            "timeouts": null
          },
          "sensitive_attributes": [],
          "private": "eyJlMmJmYjczMC1lY2FhLTExZTYtOGY4OC0zNDM2M2JjN2M0YzAiOnsiY3JlYXRlIjo2MDAwMDAwMDAwMDAsImRlbGV0ZSI6MTgwMDAwMDAwMDAwMCwidXBkYXRlIjo2MDAwMDAwMDAwMDB9fQ==",
          "dependencies": [
            "module.networking.aws_eip.eip_public_b",
            "module.networking.aws_subnet.public_subnet_b",
            "module.networking.aws_vpc.proget_vpc"
          ]
        }
      ]
    },
    {
      "module": "module.networking",
      "mode": "managed",
      "type": "aws_route",
      "name": "route_igw",
      "provider": "provider[\"registry.terraform.io/hashicorp/aws\"]",
      "instances": [
        {
          "schema_version": 0,
          "attributes": {
            "carrier_gateway_id": "",
            "core_network_arn": "",
            "destination_cidr_block": "0.0.0.0/0",
            "destination_ipv6_cidr_block": "",
            "destination_prefix_list_id": "",
            "egress_only_gateway_id": "",
            "gateway_id": "igw-07429afe9242fc692",
            "id": "r-rtb-00775c7e4dc3f44ac1080289494",
            "instance_id": "",
            "instance_owner_id": "",
            "local_gateway_id": "",
            "nat_gateway_id": "",
            "network_interface_id": "",
            "origin": "CreateRoute",
            "route_table_id": "rtb-00775c7e4dc3f44ac",
            "state": "active",
            "timeouts": null,
            "transit_gateway_id": "",
            "vpc_endpoint_id": "",
            "vpc_peering_connection_id": ""
          },
          "sensitive_attributes": [],
          "private": "eyJlMmJmYjczMC1lY2FhLTExZTYtOGY4OC0zNDM2M2JjN2M0YzAiOnsiY3JlYXRlIjozMDAwMDAwMDAwMDAsImRlbGV0ZSI6MzAwMDAwMDAwMDAwLCJ1cGRhdGUiOjEyMDAwMDAwMDAwMH19",
          "dependencies": [
            "module.networking.aws_internet_gateway.proget_igateway",
            "module.networking.aws_route_table.rtb_public",
            "module.networking.aws_vpc.proget_vpc"
          ]
        }
      ]
    },
    {
      "module": "module.networking",
      "mode": "managed",
      "type": "aws_route",
      "name": "route_private_nat_a",
      "provider": "provider[\"registry.terraform.io/hashicorp/aws\"]",
      "instances": [
        {
          "schema_version": 0,
          "attributes": {
            "carrier_gateway_id": "",
            "core_network_arn": "",
            "destination_cidr_block": "0.0.0.0/0",
            "destination_ipv6_cidr_block": "",
            "destination_prefix_list_id": "",
            "egress_only_gateway_id": "",
            "gateway_id": "",
            "id": "r-rtb-0a2d40e0f7285f74a1080289494",
            "instance_id": "",
            "instance_owner_id": "",
            "local_gateway_id": "",
            "nat_gateway_id": "nat-042741dbf6ceaa48e",
            "network_interface_id": "",
            "origin": "CreateRoute",
            "route_table_id": "rtb-0a2d40e0f7285f74a",
            "state": "active",
            "timeouts": null,
            "transit_gateway_id": "",
            "vpc_endpoint_id": "",
            "vpc_peering_connection_id": ""
          },
          "sensitive_attributes": [],
          "private": "eyJlMmJmYjczMC1lY2FhLTExZTYtOGY4OC0zNDM2M2JjN2M0YzAiOnsiY3JlYXRlIjozMDAwMDAwMDAwMDAsImRlbGV0ZSI6MzAwMDAwMDAwMDAwLCJ1cGRhdGUiOjEyMDAwMDAwMDAwMH19",
          "dependencies": [
            "module.networking.aws_eip.eip_public_a",
            "module.networking.aws_nat_gateway.nat_public_a",
            "module.networking.aws_route_table.rtb_private_a",
            "module.networking.aws_subnet.public_subnet_a",
            "module.networking.aws_vpc.proget_vpc"
          ]
        }
      ]
    },
    {
      "module": "module.networking",
      "mode": "managed",
      "type": "aws_route",
      "name": "route_private_nat_b",
      "provider": "provider[\"registry.terraform.io/hashicorp/aws\"]",
      "instances": [
        {
          "schema_version": 0,
          "attributes": {
            "carrier_gateway_id": "",
            "core_network_arn": "",
            "destination_cidr_block": "0.0.0.0/0",
            "destination_ipv6_cidr_block": "",
            "destination_prefix_list_id": "",
            "egress_only_gateway_id": "",
            "gateway_id": "",
            "id": "r-rtb-0bdcf8552d42c6e6e1080289494",
            "instance_id": "",
            "instance_owner_id": "",
            "local_gateway_id": "",
            "nat_gateway_id": "nat-0522001fb1eba1697",
            "network_interface_id": "",
            "origin": "CreateRoute",
            "route_table_id": "rtb-0bdcf8552d42c6e6e",
            "state": "active",
            "timeouts": null,
            "transit_gateway_id": "",
            "vpc_endpoint_id": "",
            "vpc_peering_connection_id": ""
          },
          "sensitive_attributes": [],
          "private": "eyJlMmJmYjczMC1lY2FhLTExZTYtOGY4OC0zNDM2M2JjN2M0YzAiOnsiY3JlYXRlIjozMDAwMDAwMDAwMDAsImRlbGV0ZSI6MzAwMDAwMDAwMDAwLCJ1cGRhdGUiOjEyMDAwMDAwMDAwMH19",
          "dependencies": [
            "module.networking.aws_eip.eip_public_b",
            "module.networking.aws_nat_gateway.nat_public_b",
            "module.networking.aws_route_table.rtb_private_b",
            "module.networking.aws_subnet.public_subnet_b",
            "module.networking.aws_vpc.proget_vpc"
          ]
        }
      ]
    },
    {
      "module": "module.networking",
      "mode": "managed",
      "type": "aws_route_table",
      "name": "rtb_private_a",
      "provider": "provider[\"registry.terraform.io/hashicorp/aws\"]",
      "instances": [
        {
          "schema_version": 0,
          "attributes": {
            "arn": "arn:aws:ec2:eu-west-3:183631326752:route-table/rtb-0a2d40e0f7285f74a",
            "id": "rtb-0a2d40e0f7285f74a",
            "owner_id": "183631326752",
            "propagating_vgws": [],
            "route": [],
            "tags": {
              "Name": "Projet_AWS-private-routetable-a"
            },
            "tags_all": {
              "Name": "Projet_AWS-private-routetable-a"
            },
            "timeouts": null,
            "vpc_id": "vpc-03a9fa64e702f6358"
          },
          "sensitive_attributes": [],
          "private": "eyJlMmJmYjczMC1lY2FhLTExZTYtOGY4OC0zNDM2M2JjN2M0YzAiOnsiY3JlYXRlIjozMDAwMDAwMDAwMDAsImRlbGV0ZSI6MzAwMDAwMDAwMDAwLCJ1cGRhdGUiOjEyMDAwMDAwMDAwMH19",
          "dependencies": [
            "module.networking.aws_vpc.proget_vpc"
          ]
        }
      ]
    },
    {
      "module": "module.networking",
      "mode": "managed",
      "type": "aws_route_table",
      "name": "rtb_private_b",
      "provider": "provider[\"registry.terraform.io/hashicorp/aws\"]",
      "instances": [
        {
          "schema_version": 0,
          "attributes": {
            "arn": "arn:aws:ec2:eu-west-3:183631326752:route-table/rtb-0bdcf8552d42c6e6e",
            "id": "rtb-0bdcf8552d42c6e6e",
            "owner_id": "183631326752",
            "propagating_vgws": [],
            "route": [],
            "tags": {
              "Name": "Projet_AWS-private-routetable-b"
            },
            "tags_all": {
              "Name": "Projet_AWS-private-routetable-b"
            },
            "timeouts": null,
            "vpc_id": "vpc-03a9fa64e702f6358"
          },
          "sensitive_attributes": [],
          "private": "eyJlMmJmYjczMC1lY2FhLTExZTYtOGY4OC0zNDM2M2JjN2M0YzAiOnsiY3JlYXRlIjozMDAwMDAwMDAwMDAsImRlbGV0ZSI6MzAwMDAwMDAwMDAwLCJ1cGRhdGUiOjEyMDAwMDAwMDAwMH19",
          "dependencies": [
            "module.networking.aws_vpc.proget_vpc"
          ]
        }
      ]
    },
    {
      "module": "module.networking",
      "mode": "managed",
      "type": "aws_route_table",
      "name": "rtb_public",
      "provider": "provider[\"registry.terraform.io/hashicorp/aws\"]",
      "instances": [
        {
          "schema_version": 0,
          "attributes": {
            "arn": "arn:aws:ec2:eu-west-3:183631326752:route-table/rtb-00775c7e4dc3f44ac",
            "id": "rtb-00775c7e4dc3f44ac",
            "owner_id": "183631326752",
            "propagating_vgws": [],
            "route": [],
            "tags": {
              "Name": "Projet_AWS-public-routetable"
            },
            "tags_all": {
              "Name": "Projet_AWS-public-routetable"
            },
            "timeouts": null,
            "vpc_id": "vpc-03a9fa64e702f6358"
          },
          "sensitive_attributes": [],
          "private": "eyJlMmJmYjczMC1lY2FhLTExZTYtOGY4OC0zNDM2M2JjN2M0YzAiOnsiY3JlYXRlIjozMDAwMDAwMDAwMDAsImRlbGV0ZSI6MzAwMDAwMDAwMDAwLCJ1cGRhdGUiOjEyMDAwMDAwMDAwMH19",
          "dependencies": [
            "module.networking.aws_vpc.proget_vpc"
          ]
        }
      ]
    },
    {
      "module": "module.networking",
      "mode": "managed",
      "type": "aws_route_table_association",
      "name": "rta_subnet_association_privatea",
      "provider": "provider[\"registry.terraform.io/hashicorp/aws\"]",
      "instances": [
        {
          "schema_version": 0,
          "attributes": {
            "gateway_id": "",
            "id": "rtbassoc-071d219f0f081591d",
            "route_table_id": "rtb-0a2d40e0f7285f74a",
            "subnet_id": "subnet-0c30287b81cb8d47a",
            "timeouts": null
          },
          "sensitive_attributes": [],
          "private": "eyJlMmJmYjczMC1lY2FhLTExZTYtOGY4OC0zNDM2M2JjN2M0YzAiOnsiY3JlYXRlIjozMDAwMDAwMDAwMDAsImRlbGV0ZSI6MzAwMDAwMDAwMDAwLCJ1cGRhdGUiOjEyMDAwMDAwMDAwMH19",
          "dependencies": [
            "module.networking.aws_route_table.rtb_private_a",
            "module.networking.aws_subnet.private_subnet_a",
            "module.networking.aws_vpc.proget_vpc"
          ]
        }
      ]
    },
    {
      "module": "module.networking",
      "mode": "managed",
      "type": "aws_route_table_association",
      "name": "rta_subnet_association_privateb",
      "provider": "provider[\"registry.terraform.io/hashicorp/aws\"]",
      "instances": [
        {
          "schema_version": 0,
          "attributes": {
            "gateway_id": "",
            "id": "rtbassoc-026ca883b9f9157b7",
            "route_table_id": "rtb-0bdcf8552d42c6e6e",
            "subnet_id": "subnet-0a16f946db97b3850",
            "timeouts": null
          },
          "sensitive_attributes": [],
          "private": "eyJlMmJmYjczMC1lY2FhLTExZTYtOGY4OC0zNDM2M2JjN2M0YzAiOnsiY3JlYXRlIjozMDAwMDAwMDAwMDAsImRlbGV0ZSI6MzAwMDAwMDAwMDAwLCJ1cGRhdGUiOjEyMDAwMDAwMDAwMH19",
          "dependencies": [
            "module.networking.aws_route_table.rtb_private_b",
            "module.networking.aws_subnet.private_subnet_b",
            "module.networking.aws_vpc.proget_vpc"
          ]
        }
      ]
    },
    {
      "module": "module.networking",
      "mode": "managed",
      "type": "aws_route_table_association",
      "name": "rta_subnet_association_puba",
      "provider": "provider[\"registry.terraform.io/hashicorp/aws\"]",
      "instances": [
        {
          "schema_version": 0,
          "attributes": {
            "gateway_id": "",
            "id": "rtbassoc-069780756d7a27c6a",
            "route_table_id": "rtb-00775c7e4dc3f44ac",
            "subnet_id": "subnet-0589b9f999e9e1259",
            "timeouts": null
          },
          "sensitive_attributes": [],
          "private": "eyJlMmJmYjczMC1lY2FhLTExZTYtOGY4OC0zNDM2M2JjN2M0YzAiOnsiY3JlYXRlIjozMDAwMDAwMDAwMDAsImRlbGV0ZSI6MzAwMDAwMDAwMDAwLCJ1cGRhdGUiOjEyMDAwMDAwMDAwMH19",
          "dependencies": [
            "module.networking.aws_internet_gateway.proget_igateway",
            "module.networking.aws_route.route_igw",
            "module.networking.aws_route_table.rtb_public",
            "module.networking.aws_subnet.public_subnet_a",
            "module.networking.aws_vpc.proget_vpc"
          ]
        }
      ]
    },
    {
      "module": "module.networking",
      "mode": "managed",
      "type": "aws_route_table_association",
      "name": "rta_subnet_association_pubb",
      "provider": "provider[\"registry.terraform.io/hashicorp/aws\"]",
      "instances": [
        {
          "schema_version": 0,
          "attributes": {
            "gateway_id": "",
            "id": "rtbassoc-01bbb60f2607c4f9e",
            "route_table_id": "rtb-00775c7e4dc3f44ac",
            "subnet_id": "subnet-0789cfaf127bc6a04",
            "timeouts": null
          },
          "sensitive_attributes": [],
          "private": "eyJlMmJmYjczMC1lY2FhLTExZTYtOGY4OC0zNDM2M2JjN2M0YzAiOnsiY3JlYXRlIjozMDAwMDAwMDAwMDAsImRlbGV0ZSI6MzAwMDAwMDAwMDAwLCJ1cGRhdGUiOjEyMDAwMDAwMDAwMH19",
          "dependencies": [
            "module.networking.aws_internet_gateway.proget_igateway",
            "module.networking.aws_route.route_igw",
            "module.networking.aws_route_table.rtb_public",
            "module.networking.aws_subnet.public_subnet_b",
            "module.networking.aws_vpc.proget_vpc"
          ]
        }
      ]
    },
    {
      "module": "module.networking",
      "mode": "managed",
      "type": "aws_subnet",
      "name": "private_subnet_a",
      "provider": "provider[\"registry.terraform.io/hashicorp/aws\"]",
      "instances": [
        {
          "schema_version": 1,
          "attributes": {
            "arn": "arn:aws:ec2:eu-west-3:183631326752:subnet/subnet-0c30287b81cb8d47a",
            "assign_ipv6_address_on_creation": false,
            "availability_zone": "eu-west-3a",
            "availability_zone_id": "euw3-az1",
            "cidr_block": "10.0.0.0/19",
            "customer_owned_ipv4_pool": "",
            "enable_dns64": false,
            "enable_lni_at_device_index": 0,
            "enable_resource_name_dns_a_record_on_launch": false,
            "enable_resource_name_dns_aaaa_record_on_launch": false,
            "id": "subnet-0c30287b81cb8d47a",
            "ipv6_cidr_block": "",
            "ipv6_cidr_block_association_id": "",
            "ipv6_native": false,
            "map_customer_owned_ip_on_launch": false,
            "map_public_ip_on_launch": false,
            "outpost_arn": "",
            "owner_id": "183631326752",
            "private_dns_hostname_type_on_launch": "ip-name",
            "tags": {
              "Name": "Projet_AWS-private-subnet-a"
            },
            "tags_all": {
              "Name": "Projet_AWS-private-subnet-a"
            },
            "timeouts": null,
            "vpc_id": "vpc-03a9fa64e702f6358"
          },
          "sensitive_attributes": [],
          "private": "eyJlMmJmYjczMC1lY2FhLTExZTYtOGY4OC0zNDM2M2JjN2M0YzAiOnsiY3JlYXRlIjo2MDAwMDAwMDAwMDAsImRlbGV0ZSI6MTIwMDAwMDAwMDAwMH0sInNjaGVtYV92ZXJzaW9uIjoiMSJ9",
          "dependencies": [
            "module.networking.aws_vpc.proget_vpc"
          ]
        }
      ]
    },
    {
      "module": "module.networking",
      "mode": "managed",
      "type": "aws_subnet",
      "name": "private_subnet_b",
      "provider": "provider[\"registry.terraform.io/hashicorp/aws\"]",
      "instances": [
        {
          "schema_version": 1,
          "attributes": {
            "arn": "arn:aws:ec2:eu-west-3:183631326752:subnet/subnet-0a16f946db97b3850",
            "assign_ipv6_address_on_creation": false,
            "availability_zone": "eu-west-3b",
            "availability_zone_id": "euw3-az2",
            "cidr_block": "10.0.32.0/19",
            "customer_owned_ipv4_pool": "",
            "enable_dns64": false,
            "enable_lni_at_device_index": 0,
            "enable_resource_name_dns_a_record_on_launch": false,
            "enable_resource_name_dns_aaaa_record_on_launch": false,
            "id": "subnet-0a16f946db97b3850",
            "ipv6_cidr_block": "",
            "ipv6_cidr_block_association_id": "",
            "ipv6_native": false,
            "map_customer_owned_ip_on_launch": false,
            "map_public_ip_on_launch": false,
            "outpost_arn": "",
            "owner_id": "183631326752",
            "private_dns_hostname_type_on_launch": "ip-name",
            "tags": {
              "Name": "Projet_AWS-private-subnet-b"
            },
            "tags_all": {
              "Name": "Projet_AWS-private-subnet-b"
            },
            "timeouts": null,
            "vpc_id": "vpc-03a9fa64e702f6358"
          },
          "sensitive_attributes": [],
          "private": "eyJlMmJmYjczMC1lY2FhLTExZTYtOGY4OC0zNDM2M2JjN2M0YzAiOnsiY3JlYXRlIjo2MDAwMDAwMDAwMDAsImRlbGV0ZSI6MTIwMDAwMDAwMDAwMH0sInNjaGVtYV92ZXJzaW9uIjoiMSJ9",
          "dependencies": [
            "module.networking.aws_vpc.proget_vpc"
          ]
        }
      ]
    },
    {
      "module": "module.networking",
      "mode": "managed",
      "type": "aws_subnet",
      "name": "public_subnet_a",
      "provider": "provider[\"registry.terraform.io/hashicorp/aws\"]",
      "instances": [
        {
          "schema_version": 1,
          "attributes": {
            "arn": "arn:aws:ec2:eu-west-3:183631326752:subnet/subnet-0589b9f999e9e1259",
            "assign_ipv6_address_on_creation": false,
            "availability_zone": "eu-west-3a",
            "availability_zone_id": "euw3-az1",
            "cidr_block": "10.0.128.0/20",
            "customer_owned_ipv4_pool": "",
            "enable_dns64": false,
            "enable_lni_at_device_index": 0,
            "enable_resource_name_dns_a_record_on_launch": false,
            "enable_resource_name_dns_aaaa_record_on_launch": false,
            "id": "subnet-0589b9f999e9e1259",
            "ipv6_cidr_block": "",
            "ipv6_cidr_block_association_id": "",
            "ipv6_native": false,
            "map_customer_owned_ip_on_launch": false,
            "map_public_ip_on_launch": true,
            "outpost_arn": "",
            "owner_id": "183631326752",
            "private_dns_hostname_type_on_launch": "ip-name",
            "tags": {
              "Name": "Projet_AWS-public-subnet-a"
            },
            "tags_all": {
              "Name": "Projet_AWS-public-subnet-a"
            },
            "timeouts": null,
            "vpc_id": "vpc-03a9fa64e702f6358"
          },
          "sensitive_attributes": [],
          "private": "eyJlMmJmYjczMC1lY2FhLTExZTYtOGY4OC0zNDM2M2JjN2M0YzAiOnsiY3JlYXRlIjo2MDAwMDAwMDAwMDAsImRlbGV0ZSI6MTIwMDAwMDAwMDAwMH0sInNjaGVtYV92ZXJzaW9uIjoiMSJ9",
          "dependencies": [
            "module.networking.aws_vpc.proget_vpc"
          ]
        }
      ]
    },
    {
      "module": "module.networking",
      "mode": "managed",
      "type": "aws_subnet",
      "name": "public_subnet_b",
      "provider": "provider[\"registry.terraform.io/hashicorp/aws\"]",
      "instances": [
        {
          "schema_version": 1,
          "attributes": {
            "arn": "arn:aws:ec2:eu-west-3:183631326752:subnet/subnet-0789cfaf127bc6a04",
            "assign_ipv6_address_on_creation": false,
            "availability_zone": "eu-west-3b",
            "availability_zone_id": "euw3-az2",
            "cidr_block": "10.0.144.0/20",
            "customer_owned_ipv4_pool": "",
            "enable_dns64": false,
            "enable_lni_at_device_index": 0,
            "enable_resource_name_dns_a_record_on_launch": false,
            "enable_resource_name_dns_aaaa_record_on_launch": false,
            "id": "subnet-0789cfaf127bc6a04",
            "ipv6_cidr_block": "",
            "ipv6_cidr_block_association_id": "",
            "ipv6_native": false,
            "map_customer_owned_ip_on_launch": false,
            "map_public_ip_on_launch": true,
            "outpost_arn": "",
            "owner_id": "183631326752",
            "private_dns_hostname_type_on_launch": "ip-name",
            "tags": {
              "Name": "Projet_AWS-public-subnet-b"
            },
            "tags_all": {
              "Name": "Projet_AWS-public-subnet-b"
            },
            "timeouts": null,
            "vpc_id": "vpc-03a9fa64e702f6358"
          },
          "sensitive_attributes": [],
          "private": "eyJlMmJmYjczMC1lY2FhLTExZTYtOGY4OC0zNDM2M2JjN2M0YzAiOnsiY3JlYXRlIjo2MDAwMDAwMDAwMDAsImRlbGV0ZSI6MTIwMDAwMDAwMDAwMH0sInNjaGVtYV92ZXJzaW9uIjoiMSJ9",
          "dependencies": [
            "module.networking.aws_vpc.proget_vpc"
          ]
        }
      ]
    },
    {
      "module": "module.networking",
      "mode": "managed",
      "type": "aws_vpc",
      "name": "proget_vpc",
      "provider": "provider[\"registry.terraform.io/hashicorp/aws\"]",
      "instances": [
        {
          "schema_version": 1,
          "attributes": {
            "arn": "arn:aws:ec2:eu-west-3:183631326752:vpc/vpc-03a9fa64e702f6358",
            "assign_generated_ipv6_cidr_block": false,
            "cidr_block": "10.0.0.0/16",
            "default_network_acl_id": "acl-0b351a93ab4fa0124",
            "default_route_table_id": "rtb-0ae12b58592185f24",
            "default_security_group_id": "sg-0cc65e0dc4abe0a85",
            "dhcp_options_id": "dopt-06a22609dcaf4db89",
            "enable_dns_hostnames": true,
            "enable_dns_support": true,
            "enable_network_address_usage_metrics": false,
            "id": "vpc-03a9fa64e702f6358",
            "instance_tenancy": "default",
            "ipv4_ipam_pool_id": null,
            "ipv4_netmask_length": null,
            "ipv6_association_id": "",
            "ipv6_cidr_block": "",
            "ipv6_cidr_block_network_border_group": "",
            "ipv6_ipam_pool_id": "",
            "ipv6_netmask_length": 0,
            "main_route_table_id": "rtb-0ae12b58592185f24",
            "owner_id": "183631326752",
            "tags": {
              "Name": "Projet_AWS-vpc"
            },
            "tags_all": {
              "Name": "Projet_AWS-vpc"
            }
          },
          "sensitive_attributes": [],
          "private": "eyJzY2hlbWFfdmVyc2lvbiI6IjEifQ=="
        }
      ]
    },
    {
      "module": "module.rds",
      "mode": "data",
      "type": "template_file",
      "name": "user_data",
      "provider": "provider[\"registry.terraform.io/hashicorp/template\"]",
      "instances": [
        {
          "schema_version": 0,
          "attributes": {
            "filename": null,
            "id": "593e2fca781105e8b7cd9993b01781fd8e25a64e4cd6f42b1978ff3bf3ce0c05",
            "rendered": "#!/bin/bash\n# variable will be populated by terraform template\n# reference de fichier wordpresse https://github.com/devbhusal/terraform-ec2-RDS-wordpress/blob/master/modules/latest/user_data.tpl\ndb_username=asmaa123\ndb_user_password=datascientest2024\ndb_name=wordpressdb\ndb_RDS=terraform-20241023160100271400000007.cfqysaoyuhlz.eu-west-3.rds.amazonaws.com:3306\n# install LAMP Server\nyum update -y\n#install apache server and mysql client\nyum install -y httpd\nyum install -y mysql\n \n\n#first enable php7.xx from  amazon-linux-extra and install it\n\namazon-linux-extras enable php7.4\nyum clean metadata\nyum install -y php php-{pear,cgi,common,curl,mbstring,gd,mysqlnd,gettext,bcmath,json,xml,fpm,intl,zip,imap,devel}\n#install imagick extension\nyum -y install gcc ImageMagick ImageMagick-devel ImageMagick-perl\npecl install imagick\nchmod 755 /usr/lib64/php/modules/imagick.so\ncat \u003c\u003cEOF \u003e\u003e/etc/php.d/20-imagick.ini\n\nextension=imagick\n\nEOF\n\nsystemctl restart php-fpm.service\n\n\n\n\nsystemctl start  httpd\n\n\n# Change OWNER and permission of directory /var/www\nusermod -a -G apache ec2-user\nchown -R ec2-user:apache /var/www\nfind /var/www -type d -exec chmod 2775 {} \\;\nfind /var/www -type f -exec chmod 0664 {} \\;\n\n\n# #**********************Installing Wordpress manually********************************* \n# # Download wordpress package and extract\n# wget https://wordpress.org/latest.tar.gz\n# tar -xzf latest.tar.gz\n# cp -r wordpress/* /var/www/html/\n# # Create wordpress configuration file and update database value\n# cd /var/www/html\n# cp wp-config-sample.php wp-config.php\n# sed -i \"s/database_name_here/$db_name/g\" wp-config.php\n# sed -i \"s/username_here/$db_username/g\" wp-config.php\n# sed -i \"s/password_here/$db_user_password/g\" wp-config.php\n# sed -i \"s/localhost/$db_RDS/g\" wp-config.php\n# cat \u003c\u003cEOF \u003e\u003e/var/www/html/wp-config.php\n# define( 'FS_METHOD', 'direct' );\n# define('WP_MEMORY_LIMIT', '128M');\n# EOF\n\n#**********************Installing Wordpress using WP CLI********************************* \ncurl -O https://raw.githubusercontent.com/wp-cli/builds/gh-pages/phar/wp-cli.phar\nchmod +x wp-cli.phar\nmv wp-cli.phar /usr/local/bin/wp\nwp core download --path=/var/www/html --allow-root\nwp config create --dbname=$db_name --dbuser=$db_username --dbpass=$db_user_password --dbhost=$db_RDS --path=/var/www/html --allow-root --extra-php \u003c\u003cPHP\ndefine( 'FS_METHOD', 'direct' );\ndefine('WP_MEMORY_LIMIT', '128M');\nPHP\n\n\n\n\n# Change permission of /var/www/html/\nchown -R ec2-user:apache /var/www/html\nchmod -R 774 /var/www/html\n\n#  enable .htaccess files in Apache config using sed command\nsed -i '/\u003cDirectory \"\\/var\\/www\\/html\"\u003e/,/\u003c\\/Directory\u003e/ s/AllowOverride None/AllowOverride all/' /etc/httpd/conf/httpd.conf\n\n#Make apache  autostart and restart apache\nsystemctl enable  httpd.service\nsystemctl restart httpd.service\necho WordPress Installed\n",
            "template": "#!/bin/bash\n# variable will be populated by terraform template\n# reference de fichier wordpresse https://github.com/devbhusal/terraform-ec2-RDS-wordpress/blob/master/modules/latest/user_data.tpl\ndb_username=${db_username}\ndb_user_password=${db_user_password}\ndb_name=${db_name}\ndb_RDS=${db_RDS}\n# install LAMP Server\nyum update -y\n#install apache server and mysql client\nyum install -y httpd\nyum install -y mysql\n \n\n#first enable php7.xx from  amazon-linux-extra and install it\n\namazon-linux-extras enable php7.4\nyum clean metadata\nyum install -y php php-{pear,cgi,common,curl,mbstring,gd,mysqlnd,gettext,bcmath,json,xml,fpm,intl,zip,imap,devel}\n#install imagick extension\nyum -y install gcc ImageMagick ImageMagick-devel ImageMagick-perl\npecl install imagick\nchmod 755 /usr/lib64/php/modules/imagick.so\ncat \u003c\u003cEOF \u003e\u003e/etc/php.d/20-imagick.ini\n\nextension=imagick\n\nEOF\n\nsystemctl restart php-fpm.service\n\n\n\n\nsystemctl start  httpd\n\n\n# Change OWNER and permission of directory /var/www\nusermod -a -G apache ec2-user\nchown -R ec2-user:apache /var/www\nfind /var/www -type d -exec chmod 2775 {} \\;\nfind /var/www -type f -exec chmod 0664 {} \\;\n\n\n# #**********************Installing Wordpress manually********************************* \n# # Download wordpress package and extract\n# wget https://wordpress.org/latest.tar.gz\n# tar -xzf latest.tar.gz\n# cp -r wordpress/* /var/www/html/\n# # Create wordpress configuration file and update database value\n# cd /var/www/html\n# cp wp-config-sample.php wp-config.php\n# sed -i \"s/database_name_here/$db_name/g\" wp-config.php\n# sed -i \"s/username_here/$db_username/g\" wp-config.php\n# sed -i \"s/password_here/$db_user_password/g\" wp-config.php\n# sed -i \"s/localhost/$db_RDS/g\" wp-config.php\n# cat \u003c\u003cEOF \u003e\u003e/var/www/html/wp-config.php\n# define( 'FS_METHOD', 'direct' );\n# define('WP_MEMORY_LIMIT', '128M');\n# EOF\n\n#**********************Installing Wordpress using WP CLI********************************* \ncurl -O https://raw.githubusercontent.com/wp-cli/builds/gh-pages/phar/wp-cli.phar\nchmod +x wp-cli.phar\nmv wp-cli.phar /usr/local/bin/wp\nwp core download --path=/var/www/html --allow-root\nwp config create --dbname=$db_name --dbuser=$db_username --dbpass=$db_user_password --dbhost=$db_RDS --path=/var/www/html --allow-root --extra-php \u003c\u003cPHP\ndefine( 'FS_METHOD', 'direct' );\ndefine('WP_MEMORY_LIMIT', '128M');\nPHP\n\n\n\n\n# Change permission of /var/www/html/\nchown -R ec2-user:apache /var/www/html\nchmod -R 774 /var/www/html\n\n#  enable .htaccess files in Apache config using sed command\nsed -i '/\u003cDirectory \"\\/var\\/www\\/html\"\u003e/,/\u003c\\/Directory\u003e/ s/AllowOverride None/AllowOverride all/' /etc/httpd/conf/httpd.conf\n\n#Make apache  autostart and restart apache\nsystemctl enable  httpd.service\nsystemctl restart httpd.service\necho WordPress Installed\n",
            "vars": {
              "db_RDS": "terraform-20241023160100271400000007.cfqysaoyuhlz.eu-west-3.rds.amazonaws.com:3306",
              "db_name": "wordpressdb",
              "db_user_password": "datascientest2024",
              "db_username": "asmaa123"
            }
          },
          "sensitive_attributes": [
            [
              {
                "type": "get_attr",
                "value": "vars"
              },
              {
                "type": "index",
                "value": {
                  "value": "db_user_password",
                  "type": "string"
                }
              }
            ]
          ]
        }
      ]
    },
    {
      "module": "module.rds",
      "mode": "managed",
      "type": "aws_db_instance",
      "name": "wordpressdb",
      "provider": "provider[\"registry.terraform.io/hashicorp/aws\"]",
      "instances": [
        {
          "schema_version": 2,
          "attributes": {
            "address": "terraform-20241023160100271400000007.cfqysaoyuhlz.eu-west-3.rds.amazonaws.com",
            "allocated_storage": 10,
            "allow_major_version_upgrade": null,
            "apply_immediately": false,
            "arn": "arn:aws:rds:eu-west-3:183631326752:db:terraform-20241023160100271400000007",
            "auto_minor_version_upgrade": true,
            "availability_zone": "eu-west-3a",
            "backup_retention_period": 0,
            "backup_target": "region",
            "backup_window": "09:46-10:16",
            "blue_green_update": [],
            "ca_cert_identifier": "rds-ca-rsa2048-g1",
            "character_set_name": "",
            "copy_tags_to_snapshot": false,
            "custom_iam_instance_profile": "",
            "customer_owned_ip_enabled": false,
            "db_name": "wordpressdb",
            "db_subnet_group_name": "terraform-20241023160055078400000004",
            "dedicated_log_volume": false,
            "delete_automated_backups": true,
            "deletion_protection": false,
            "domain": "",
            "domain_auth_secret_arn": "",
            "domain_dns_ips": null,
            "domain_fqdn": "",
            "domain_iam_role_name": "",
            "domain_ou": "",
            "enabled_cloudwatch_logs_exports": null,
            "endpoint": "terraform-20241023160100271400000007.cfqysaoyuhlz.eu-west-3.rds.amazonaws.com:3306",
            "engine": "mysql",
            "engine_lifecycle_support": "open-source-rds-extended-support",
            "engine_version": "5.7",
            "engine_version_actual": "5.7.44-rds.20240808",
            "final_snapshot_identifier": null,
            "hosted_zone_id": "ZMESEXB7ZGGQ3",
            "iam_database_authentication_enabled": false,
            "id": "db-7ZUCWZ4M6FIJ27XKK5XJIXA2HA",
            "identifier": "terraform-20241023160100271400000007",
            "identifier_prefix": "terraform-",
            "instance_class": "db.t3.micro",
            "iops": 0,
            "kms_key_id": "",
            "latest_restorable_time": "",
            "license_model": "general-public-license",
            "listener_endpoint": [],
            "maintenance_window": "fri:04:06-fri:04:36",
            "manage_master_user_password": null,
            "master_user_secret": [],
            "master_user_secret_kms_key_id": null,
            "max_allocated_storage": 0,
            "monitoring_interval": 0,
            "monitoring_role_arn": "",
            "multi_az": false,
            "nchar_character_set_name": "",
            "network_type": "IPV4",
            "option_group_name": "default:mysql-5-7",
            "parameter_group_name": "default.mysql5.7",
            "password": "datascientest2024",
            "performance_insights_enabled": false,
            "performance_insights_kms_key_id": "",
            "performance_insights_retention_period": 0,
            "port": 3306,
            "publicly_accessible": false,
            "replica_mode": "",
            "replicas": [],
            "replicate_source_db": "",
            "resource_id": "db-7ZUCWZ4M6FIJ27XKK5XJIXA2HA",
            "restore_to_point_in_time": [],
            "s3_import": [],
            "skip_final_snapshot": true,
            "snapshot_identifier": null,
            "status": "available",
            "storage_encrypted": false,
            "storage_throughput": 0,
            "storage_type": "gp2",
            "tags": null,
            "tags_all": {},
            "timeouts": null,
            "timezone": "",
            "upgrade_storage_config": null,
            "username": "asmaa123",
            "vpc_security_group_ids": [
              "sg-046031b3bf0ad049c"
            ]
          },
          "sensitive_attributes": [
            [
              {
                "type": "get_attr",
                "value": "password"
              }
            ]
          ],
          "private": "eyJlMmJmYjczMC1lY2FhLTExZTYtOGY4OC0zNDM2M2JjN2M0YzAiOnsiY3JlYXRlIjoyNDAwMDAwMDAwMDAwLCJkZWxldGUiOjM2MDAwMDAwMDAwMDAsInVwZGF0ZSI6NDgwMDAwMDAwMDAwMH0sInNjaGVtYV92ZXJzaW9uIjoiMiJ9",
          "dependencies": [
            "module.ec2.aws_security_group.sg-alb",
            "module.ec2.aws_security_group.sg-instances",
            "module.networking.aws_subnet.private_subnet_a",
            "module.networking.aws_subnet.private_subnet_b",
            "module.networking.aws_vpc.proget_vpc",
            "module.rds.aws_db_subnet_group.RDS_subnet_grp",
            "module.rds.aws_security_group.RDS_allow_rule"
          ]
        }
      ]
    },
    {
      "module": "module.rds",
      "mode": "managed",
      "type": "aws_db_subnet_group",
      "name": "RDS_subnet_grp",
      "provider": "provider[\"registry.terraform.io/hashicorp/aws\"]",
      "instances": [
        {
          "schema_version": 0,
          "attributes": {
            "arn": "arn:aws:rds:eu-west-3:183631326752:subgrp:terraform-20241023160055078400000004",
            "description": "Managed by Terraform",
            "id": "terraform-20241023160055078400000004",
            "name": "terraform-20241023160055078400000004",
            "name_prefix": "terraform-",
            "subnet_ids": [
              "subnet-0a16f946db97b3850",
              "subnet-0c30287b81cb8d47a"
            ],
            "supported_network_types": [
              "IPV4"
            ],
            "tags": null,
            "tags_all": {},
            "vpc_id": "vpc-03a9fa64e702f6358"
          },
          "sensitive_attributes": [],
          "private": "bnVsbA==",
          "dependencies": [
            "module.networking.aws_subnet.private_subnet_a",
            "module.networking.aws_subnet.private_subnet_b",
            "module.networking.aws_vpc.proget_vpc"
          ]
        }
      ]
    },
    {
      "module": "module.rds",
      "mode": "managed",
      "type": "aws_security_group",
      "name": "RDS_allow_rule",
      "provider": "provider[\"registry.terraform.io/hashicorp/aws\"]",
      "instances": [
        {
          "schema_version": 1,
          "attributes": {
            "arn": "arn:aws:ec2:eu-west-3:183631326752:security-group/sg-046031b3bf0ad049c",
            "description": "Managed by Terraform",
            "egress": [
              {
                "cidr_blocks": [
                  "0.0.0.0/0"
                ],
                "description": "",
                "from_port": 0,
                "ipv6_cidr_blocks": [],
                "prefix_list_ids": [],
                "protocol": "-1",
                "security_groups": [],
                "self": false,
                "to_port": 0
              }
            ],
            "id": "sg-046031b3bf0ad049c",
            "ingress": [
              {
                "cidr_blocks": [],
                "description": "",
                "from_port": 3306,
                "ipv6_cidr_blocks": [],
                "prefix_list_ids": [],
                "protocol": "tcp",
                "security_groups": [
                  "sg-085e56e6bd42106b2"
                ],
                "self": false,
                "to_port": 3306
              }
            ],
            "name": "terraform-20241023160058393800000005",
            "name_prefix": "terraform-",
            "owner_id": "183631326752",
            "revoke_rules_on_delete": false,
            "tags": {
              "Name": "Projet_AWS-sg-database"
            },
            "tags_all": {
              "Name": "Projet_AWS-sg-database"
            },
            "timeouts": null,
            "vpc_id": "vpc-03a9fa64e702f6358"
          },
          "sensitive_attributes": [],
          "private": "eyJlMmJmYjczMC1lY2FhLTExZTYtOGY4OC0zNDM2M2JjN2M0YzAiOnsiY3JlYXRlIjo2MDAwMDAwMDAwMDAsImRlbGV0ZSI6OTAwMDAwMDAwMDAwfSwic2NoZW1hX3ZlcnNpb24iOiIxIn0=",
          "dependencies": [
            "module.ec2.aws_security_group.sg-alb",
            "module.ec2.aws_security_group.sg-instances",
            "module.networking.aws_vpc.proget_vpc"
          ]
        }
      ]
    }
  ],
  "check_results": null
}
